// !$*UTF8*$!
{
	archiveVersion = 1;
	classes = {
	};
	objectVersion = 50;
	objects = {

/* Begin PBXBuildFile section */
		7093D6F8217E771200FF915F /* AppDelegate.swift in Sources */ = {isa = PBXBuildFile; fileRef = 7093D6F7217E771200FF915F /* AppDelegate.swift */; };
		7093D6FA217E771200FF915F /* ViewController.swift in Sources */ = {isa = PBXBuildFile; fileRef = 7093D6F9217E771200FF915F /* ViewController.swift */; };
		7093D6FF217E771200FF915F /* Assets.xcassets in Resources */ = {isa = PBXBuildFile; fileRef = 7093D6FE217E771200FF915F /* Assets.xcassets */; };
		7093D702217E771200FF915F /* LaunchScreen.storyboard in Resources */ = {isa = PBXBuildFile; fileRef = 7093D700217E771200FF915F /* LaunchScreen.storyboard */; };
		7093D70D217E785500FF915F /* MainStoryboard.swift in Sources */ = {isa = PBXBuildFile; fileRef = 7093D70C217E785500FF915F /* MainStoryboard.swift */; };
		70E43902217EB15D004D216D /* Meme.swift in Sources */ = {isa = PBXBuildFile; fileRef = 70E43900217EB15D004D216D /* Meme.swift */; };
		70E43903217EB15D004D216D /* MemeReview.swift in Sources */ = {isa = PBXBuildFile; fileRef = 70E43901217EB15D004D216D /* MemeReview.swift */; };
/* End PBXBuildFile section */

/* Begin PBXFileReference section */
		7093D6F4217E771200FF915F /* Meme Review Prog.app */ = {isa = PBXFileReference; explicitFileType = wrapper.application; includeInIndex = 0; path = "Meme Review Prog.app"; sourceTree = BUILT_PRODUCTS_DIR; };
		7093D6F7217E771200FF915F /* AppDelegate.swift */ = {isa = PBXFileReference; lastKnownFileType = sourcecode.swift; path = AppDelegate.swift; sourceTree = "<group>"; };
		7093D6F9217E771200FF915F /* ViewController.swift */ = {isa = PBXFileReference; lastKnownFileType = sourcecode.swift; path = ViewController.swift; sourceTree = "<group>"; };
		7093D6FE217E771200FF915F /* Assets.xcassets */ = {isa = PBXFileReference; lastKnownFileType = folder.assetcatalog; path = Assets.xcassets; sourceTree = "<group>"; };
		7093D701217E771200FF915F /* Base */ = {isa = PBXFileReference; lastKnownFileType = file.storyboard; name = Base; path = Base.lproj/LaunchScreen.storyboard; sourceTree = "<group>"; };
		7093D703217E771200FF915F /* Info.plist */ = {isa = PBXFileReference; lastKnownFileType = text.plist.xml; path = Info.plist; sourceTree = "<group>"; };
		7093D70C217E785500FF915F /* MainStoryboard.swift */ = {isa = PBXFileReference; lastKnownFileType = sourcecode.swift; path = MainStoryboard.swift; sourceTree = "<group>"; };
		70E43900217EB15D004D216D /* Meme.swift */ = {isa = PBXFileReference; fileEncoding = 4; lastKnownFileType = sourcecode.swift; path = Meme.swift; sourceTree = "<group>"; };
		70E43901217EB15D004D216D /* MemeReview.swift */ = {isa = PBXFileReference; fileEncoding = 4; lastKnownFileType = sourcecode.swift; path = MemeReview.swift; sourceTree = "<group>"; };
/* End PBXFileReference section */

/* Begin PBXFrameworksBuildPhase section */
		7093D6F1217E771200FF915F /* Frameworks */ = {
			isa = PBXFrameworksBuildPhase;
			buildActionMask = 2147483647;
			files = (
			);
			runOnlyForDeploymentPostprocessing = 0;
		};
/* End PBXFrameworksBuildPhase section */

/* Begin PBXGroup section */
		7093D6EB217E771200FF915F = {
			isa = PBXGroup;
			children = (
				7093D6F6217E771200FF915F /* Meme Review Prog */,
				7093D6F5217E771200FF915F /* Products */,
			);
			sourceTree = "<group>";
		};
		7093D6F5217E771200FF915F /* Products */ = {
			isa = PBXGroup;
			children = (
				7093D6F4217E771200FF915F /* Meme Review Prog.app */,
			);
			name = Products;
			sourceTree = "<group>";
		};
		7093D6F6217E771200FF915F /* Meme Review Prog */ = {
			isa = PBXGroup;
			children = (
				7093D709217E781100FF915F /* Model */,
				7093D70A217E781C00FF915F /* View */,
				7093D70B217E782000FF915F /* Controller */,
				7093D6F7217E771200FF915F /* AppDelegate.swift */,
				7093D6FE217E771200FF915F /* Assets.xcassets */,
				7093D700217E771200FF915F /* LaunchScreen.storyboard */,
				7093D703217E771200FF915F /* Info.plist */,
			);
			path = "Meme Review Prog";
			sourceTree = "<group>";
		};
		7093D709217E781100FF915F /* Model */ = {
			isa = PBXGroup;
			children = (
				70E43900217EB15D004D216D /* Meme.swift */,
				70E43901217EB15D004D216D /* MemeReview.swift */,
			);
			path = Model;
			sourceTree = "<group>";
		};
		7093D70A217E781C00FF915F /* View */ = {
			isa = PBXGroup;
			children = (
				7093D70C217E785500FF915F /* MainStoryboard.swift */,
			);
			path = View;
			sourceTree = "<group>";
		};
		7093D70B217E782000FF915F /* Controller */ = {
			isa = PBXGroup;
			children = (
				7093D6F9217E771200FF915F /* ViewController.swift */,
			);
			path = Controller;
			sourceTree = "<group>";
		};
/* End PBXGroup section */

/* Begin PBXNativeTarget section */
		7093D6F3217E771200FF915F /* Meme Review Prog */ = {
			isa = PBXNativeTarget;
			buildConfigurationList = 7093D706217E771200FF915F /* Build configuration list for PBXNativeTarget "Meme Review Prog" */;
			buildPhases = (
				7093D6F0217E771200FF915F /* Sources */,
				7093D6F1217E771200FF915F /* Frameworks */,
				7093D6F2217E771200FF915F /* Resources */,
			);
			buildRules = (
			);
			dependencies = (
			);
			name = "Meme Review Prog";
			productName = "Meme Review Prog";
			productReference = 7093D6F4217E771200FF915F /* Meme Review Prog.app */;
			productType = "com.apple.product-type.application";
		};
/* End PBXNativeTarget section */

/* Begin PBXProject section */
		7093D6EC217E771200FF915F /* Project object */ = {
			isa = PBXProject;
			attributes = {
				LastSwiftUpdateCheck = 1000;
				LastUpgradeCheck = 1000;
				ORGANIZATIONNAME = "Zachary Cowan";
				TargetAttributes = {
					7093D6F3217E771200FF915F = {
						CreatedOnToolsVersion = 10.0;
					};
				};
			};
			buildConfigurationList = 7093D6EF217E771200FF915F /* Build configuration list for PBXProject "Meme Review Prog" */;
			compatibilityVersion = "Xcode 9.3";
			developmentRegion = en;
			hasScannedForEncodings = 0;
			knownRegions = (
				en,
				Base,
			);
			mainGroup = 7093D6EB217E771200FF915F;
			productRefGroup = 7093D6F5217E771200FF915F /* Products */;
			projectDirPath = "";
			projectRoot = "";
			targets = (
				7093D6F3217E771200FF915F /* Meme Review Prog */,
			);
		};
/* End PBXProject section */

/* Begin PBXResourcesBuildPhase section */
		7093D6F2217E771200FF915F /* Resources */ = {
			isa = PBXResourcesBuildPhase;
			buildActionMask = 2147483647;
			files = (
				7093D702217E771200FF915F /* LaunchScreen.storyboard in Resources */,
				7093D6FF217E771200FF915F /* Assets.xcassets in Resources */,
			);
			runOnlyForDeploymentPostprocessing = 0;
		};
/* End PBXResourcesBuildPhase section */

/* Begin PBXSourcesBuildPhase section */
		7093D6F0217E771200FF915F /* Sources */ = {
			isa = PBXSourcesBuildPhase;
			buildActionMask = 2147483647;
			files = (
				7093D70D217E785500FF915F /* MainStoryboard.swift in Sources */,
				70E43902217EB15D004D216D /* Meme.swift in Sources */,
				70E43903217EB15D004D216D /* MemeReview.swift in Sources */,
				7093D6FA217E771200FF915F /* ViewController.swift in Sources */,
				7093D6F8217E771200FF915F /* AppDelegate.swift in Sources */,
			);
			runOnlyForDeploymentPostprocessing = 0;
		};
/* End PBXSourcesBuildPhase section */

/* Begin PBXVariantGroup section */
		7093D700217E771200FF915F /* LaunchScreen.storyboard */ = {
			isa = PBXVariantGroup;
			children = (
				7093D701217E771200FF915F /* Base */,
			);
			name = LaunchScreen.storyboard;
			sourceTree = "<group>";
		};
/* End PBXVariantGroup section */

/* Begin XCBuildConfiguration section */
		7093D704217E771200FF915F /* Debug */ = {
			isa = XCBuildConfiguration;
			buildSettings = {
				ALWAYS_SEARCH_USER_PATHS = NO;
				CLANG_ANALYZER_NONNULL = YES;
				CLANG_ANALYZER_NUMBER_OBJECT_CONVERSION = YES_AGGRESSIVE;
				CLANG_CXX_LANGUAGE_STANDARD = "gnu++14";
				CLANG_CXX_LIBRARY = "libc++";
				CLANG_ENABLE_MODULES = YES;
				CLANG_ENABLE_OBJC_ARC = YES;
				CLANG_ENABLE_OBJC_WEAK = YES;
				CLANG_WARN_BLOCK_CAPTURE_AUTORELEASING = YES;
				CLANG_WARN_BOOL_CONVERSION = YES;
				CLANG_WARN_COMMA = YES;
				CLANG_WARN_CONSTANT_CONVERSION = YES;
				CLANG_WARN_DEPRECATED_OBJC_IMPLEMENTATIONS = YES;
				CLANG_WARN_DIRECT_OBJC_ISA_USAGE = YES_ERROR;
				CLANG_WARN_DOCUMENTATION_COMMENTS = YES;
				CLANG_WARN_EMPTY_BODY = YES;
				CLANG_WARN_ENUM_CONVERSION = YES;
				CLANG_WARN_INFINITE_RECURSION = YES;
				CLANG_WARN_INT_CONVERSION = YES;
				CLANG_WARN_NON_LITERAL_NULL_CONVERSION = YES;
				CLANG_WARN_OBJC_IMPLICIT_RETAIN_SELF = YES;
				CLANG_WARN_OBJC_LITERAL_CONVERSION = YES;
				CLANG_WARN_OBJC_ROOT_CLASS = YES_ERROR;
				CLANG_WARN_RANGE_LOOP_ANALYSIS = YES;
				CLANG_WARN_STRICT_PROTOTYPES = YES;
				CLANG_WARN_SUSPICIOUS_MOVE = YES;
				CLANG_WARN_UNGUARDED_AVAILABILITY = YES_AGGRESSIVE;
				CLANG_WARN_UNREACHABLE_CODE = YES;
				CLANG_WARN__DUPLICATE_METHOD_MATCH = YES;
				CODE_SIGN_IDENTITY = "iPhone Developer";
				COPY_PHASE_STRIP = NO;
				DEBUG_INFORMATION_FORMAT = dwarf;
				ENABLE_STRICT_OBJC_MSGSEND = YES;
				ENABLE_TESTABILITY = YES;
				GCC_C_LANGUAGE_STANDARD = gnu11;
				GCC_DYNAMIC_NO_PIC = NO;
				GCC_NO_COMMON_BLOCKS = YES;
				GCC_OPTIMIZATION_LEVEL = 0;
				GCC_PREPROCESSOR_DEFINITIONS = (
					"DEBUG=1",
					"$(inherited)",
				);
				GCC_WARN_64_TO_32_BIT_CONVERSION = YES;
				GCC_WARN_ABOUT_RETURN_TYPE = YES_ERROR;
				GCC_WARN_UNDECLARED_SELECTOR = YES;
				GCC_WARN_UNINITIALIZED_AUTOS = YES_AGGRESSIVE;
				GCC_WARN_UNUSED_FUNCTION = YES;
				GCC_WARN_UNUSED_VARIABLE = YES;
				IPHONEOS_DEPLOYMENT_TARGET = 12.0;
				MTL_ENABLE_DEBUG_INFO = INCLUDE_SOURCE;
				MTL_FAST_MATH = YES;
				ONLY_ACTIVE_ARCH = YES;
				SDKROOT = iphoneos;
				SWIFT_ACTIVE_COMPILATION_CONDITIONS = DEBUG;
				SWIFT_OPTIMIZATION_LEVEL = "-Onone";
			};
			name = Debug;
		};
		7093D705217E771200FF915F /* Release */ = {
			isa = XCBuildConfiguration;
			buildSettings = {
				ALWAYS_SEARCH_USER_PATHS = NO;
				CLANG_ANALYZER_NONNULL = YES;
				CLANG_ANALYZER_NUMBER_OBJECT_CONVERSION = YES_AGGRESSIVE;
				CLANG_CXX_LANGUAGE_STANDARD = "gnu++14";
				CLANG_CXX_LIBRARY = "libc++";
				CLANG_ENABLE_MODULES = YES;
				CLANG_ENABLE_OBJC_ARC = YES;
				CLANG_ENABLE_OBJC_WEAK = YES;
				CLANG_WARN_BLOCK_CAPTURE_AUTORELEASING = YES;
				CLANG_WARN_BOOL_CONVERSION = YES;
				CLANG_WARN_COMMA = YES;
				CLANG_WARN_CONSTANT_CONVERSION = YES;
				CLANG_WARN_DEPRECATED_OBJC_IMPLEMENTATIONS = YES;
				CLANG_WARN_DIRECT_OBJC_ISA_USAGE = YES_ERROR;
				CLANG_WARN_DOCUMENTATION_COMMENTS = YES;
				CLANG_WARN_EMPTY_BODY = YES;
				CLANG_WARN_ENUM_CONVERSION = YES;
				CLANG_WARN_INFINITE_RECURSION = YES;
				CLANG_WARN_INT_CONVERSION = YES;
				CLANG_WARN_NON_LITERAL_NULL_CONVERSION = YES;
				CLANG_WARN_OBJC_IMPLICIT_RETAIN_SELF = YES;
				CLANG_WARN_OBJC_LITERAL_CONVERSION = YES;
				CLANG_WARN_OBJC_ROOT_CLASS = YES_ERROR;
				CLANG_WARN_RANGE_LOOP_ANALYSIS = YES;
				CLANG_WARN_STRICT_PROTOTYPES = YES;
				CLANG_WARN_SUSPICIOUS_MOVE = YES;
				CLANG_WARN_UNGUARDED_AVAILABILITY = YES_AGGRESSIVE;
				CLANG_WARN_UNREACHABLE_CODE = YES;
				CLANG_WARN__DUPLICATE_METHOD_MATCH = YES;
				CODE_SIGN_IDENTITY = "iPhone Developer";
				COPY_PHASE_STRIP = NO;
				DEBUG_INFORMATION_FORMAT = "dwarf-with-dsym";
				ENABLE_NS_ASSERTIONS = NO;
				ENABLE_STRICT_OBJC_MSGSEND = YES;
				GCC_C_LANGUAGE_STANDARD = gnu11;
				GCC_NO_COMMON_BLOCKS = YES;
				GCC_WARN_64_TO_32_BIT_CONVERSION = YES;
				GCC_WARN_ABOUT_RETURN_TYPE = YES_ERROR;
				GCC_WARN_UNDECLARED_SELECTOR = YES;
				GCC_WARN_UNINITIALIZED_AUTOS = YES_AGGRESSIVE;
				GCC_WARN_UNUSED_FUNCTION = YES;
				GCC_WARN_UNUSED_VARIABLE = YES;
				IPHONEOS_DEPLOYMENT_TARGET = 12.0;
				MTL_ENABLE_DEBUG_INFO = NO;
				MTL_FAST_MATH = YES;
				SDKROOT = iphoneos;
				SWIFT_COMPILATION_MODE = wholemodule;
				SWIFT_OPTIMIZATION_LEVEL = "-O";
				VALIDATE_PRODUCT = YES;
			};
			name = Release;
		};
		7093D707217E771200FF915F /* Debug */ = {
			isa = XCBuildConfiguration;
			buildSettings = {
				ASSETCATALOG_COMPILER_APPICON_NAME = AppIcon;
				CODE_SIGN_STYLE = Automatic;
				DEVELOPMENT_TEAM = DWU6X7XHWP;
				INFOPLIST_FILE = "Meme Review Prog/Info.plist";
				LD_RUNPATH_SEARCH_PATHS = (
					"$(inherited)",
					"@executable_path/Frameworks",
				);
				PRODUCT_BUNDLE_IDENTIFIER = "com.zacharycowan.Meme-Review-Prog";
				PRODUCT_NAME = "$(TARGET_NAME)";
				SWIFT_VERSION = 4.2;
				TARGETED_DEVICE_FAMILY = "1,2";
			};
			name = Debug;
		};
		7093D708217E771200FF915F /* Release */ = {
			isa = XCBuildConfiguration;
			buildSettings = {
				ASSETCATALOG_COMPILER_APPICON_NAME = AppIcon;
				CODE_SIGN_STYLE = Automatic;
				DEVELOPMENT_TEAM = DWU6X7XHWP;
				INFOPLIST_FILE = "Meme Review Prog/Info.plist";
				LD_RUNPATH_SEARCH_PATHS = (
					"$(inherited)",
					"@executable_path/Frameworks",
				);
				PRODUCT_BUNDLE_IDENTIFIER = "com.zacharycowan.Meme-Review-Prog";
				PRODUCT_NAME = "$(TARGET_NAME)";
				SWIFT_VERSION = 4.2;
				TARGETED_DEVICE_FAMILY = "1,2";
			};
			name = Release;
		};
/* End XCBuildConfiguration section */

/* Begin XCConfigurationList section */
		7093D6EF217E771200FF915F /* Build configuration list for PBXProject "Meme Review Prog" */ = {
			isa = XCConfigurationList;
			buildConfigurations = (
				7093D704217E771200FF915F /* Debug */,
				7093D705217E771200FF915F /* Release */,
			);
			defaultConfigurationIsVisible = 0;
			defaultConfigurationName = Release;
		};
		7093D706217E771200FF915F /* Build configuration list for PBXNativeTarget "Meme Review Prog" */ = {
			isa = XCConfigurationList;
			buildConfigurations = (
				7093D707217E771200FF915F /* Debug */,
				7093D708217E771200FF915F /* Release */,
			);
			defaultConfigurationIsVisible = 0;
			defaultConfigurationName = Release;
		};
/* End XCConfigurationList section */
	};
	rootObject = 7093D6EC217E771200FF915F /* Project object */;
}
